
Microsoft Visual Studio Solution File, Format Version 12.00
# Visual Studio Version 16
VisualStudioVersion = 25.0.1700.0
MinimumVisualStudioVersion = 10.0.40219.1
Project("{FAE04EC0-301F-11D3-BF4B-00C04F79EFBC}") = "CasaDoCodigo", "CasaDoCodigo.csproj", "{EF612C43-EFBE-4927-8995-DEC9AF475972}"
EndProject
Global
	GlobalSection(SolutionConfigurationPlatforms) = preSolution
		Debug|Any CPU = Debug|Any CPU
		Release|Any CPU = Release|Any CPU
	EndGlobalSection
	GlobalSection(ProjectConfigurationPlatforms) = postSolution
		{EF612C43-EFBE-4927-8995-DEC9AF475972}.Debug|Any CPU.ActiveCfg = Debug|Any CPU
		{EF612C43-EFBE-4927-8995-DEC9AF475972}.Debug|Any CPU.Build.0 = Debug|Any CPU
		{EF612C43-EFBE-4927-8995-DEC9AF475972}.Release|Any CPU.ActiveCfg = Release|Any CPU
		{EF612C43-EFBE-4927-8995-DEC9AF475972}.Release|Any CPU.Build.0 = Release|Any CPU
	EndGlobalSection
	GlobalSection(SolutionProperties) = preSolution
		HideSolutionNode = FALSE
	EndGlobalSection
	GlobalSection(ExtensibilityGlobals) = postSolution
		SolutionGuid = {2918EE30-629E-4E33-9AA6-7BCD4FB254D0}
	EndGlobalSection
EndGlobal
