
Microsoft Visual Studio Solution File, Format Version 12.00
# Visual Studio Version 17
VisualStudioVersion = 17.0.31521.260
MinimumVisualStudioVersion = 10.0.40219.1
Project("{FAE04EC0-301F-11D3-BF4B-00C04F79EFBC}") = "1-PrimeiroProjeto", "1-PrimeiroProjeto\1-PrimeiroProjeto.csproj", "{615A3A62-A31B-4463-9F7C-E027941A5043}"
EndProject
Project("{FAE04EC0-301F-11D3-BF4B-00C04F79EFBC}") = "2-CriandoVariaveis", "2-CriandoVariaveis\2-CriandoVariaveis.csproj", "{4AD2D1AE-4553-445C-A011-436CCB6F1354}"
EndProject
Project("{FAE04EC0-301F-11D3-BF4B-00C04F79EFBC}") = "2.1-CriandoVariaveis", "2.1-CriandoVariaveis\2.1-CriandoVariaveis.csproj", "{627572A6-FD0E-4BA2-BE94-41723045E6D6}"
EndProject
Project("{FAE04EC0-301F-11D3-BF4B-00C04F79EFBC}") = "3-CriandoVariaveisPontoFlutuante", "3-CriandoVariaveisPontoFlutuante\3-CriandoVariaveisPontoFlutuante.csproj", "{EF23B76D-AD50-4A11-B66D-A8B909B2427B}"
EndProject
Project("{FAE04EC0-301F-11D3-BF4B-00C04F79EFBC}") = "3.1-CriandoVariaveisPontoFlutuante", "3.1-CriandoVariaveisPontoFlutuante\3.1-CriandoVariaveisPontoFlutuante.csproj", "{DA41B5C8-7F54-48ED-BC87-D4405CDBAF42}"
EndProject
Project("{FAE04EC0-301F-11D3-BF4B-00C04F79EFBC}") = "4-ConversoesEOutrosTiposNumericos", "4-ConversoesEOutrosTiposNumericos\4-ConversoesEOutrosTiposNumericos.csproj", "{7309C41E-D426-4E34-AE7C-7D77E1AE5202}"
EndProject
Project("{FAE04EC0-301F-11D3-BF4B-00C04F79EFBC}") = "4.1-CriandoConversoesEOutrosTiposNumericos", "4.1-CriandoConversoesEOutrosTiposNumericos\4.1-CriandoConversoesEOutrosTiposNumericos.csproj", "{98F667C2-7246-4AA9-B294-FE375EDF1BAA}"
EndProject
Project("{FAE04EC0-301F-11D3-BF4B-00C04F79EFBC}") = "5-CaracteresETextos", "5-CaracteresETextos\5-CaracteresETextos.csproj", "{1C750A23-BF6D-4157-B76D-86E80E6260C1}"
EndProject
Project("{FAE04EC0-301F-11D3-BF4B-00C04F79EFBC}") = "5.1-CaracteresETextos", "5.1-CaracteresETextos\5.1-CaracteresETextos.csproj", "{58F5A7B0-F820-465F-B7FE-C530B15CB924}"
EndProject
Project("{FAE04EC0-301F-11D3-BF4B-00C04F79EFBC}") = "6-VariavelDeVariavel", "6-VariavelDeVariavel\6-VariavelDeVariavel.csproj", "{276FE8FD-8328-47BB-827F-C0B9D3A39F94}"
EndProject
Project("{FAE04EC0-301F-11D3-BF4B-00C04F79EFBC}") = "7-Condicionais", "7-Condicionais\7-Condicionais.csproj", "{D925360D-3450-4E70-B864-490FED53CF5B}"
EndProject
Project("{FAE04EC0-301F-11D3-BF4B-00C04F79EFBC}") = "7.1-Condicional", "7.1-Condiciona\7.1-Condicional.csproj", "{45D3643E-D358-4120-BA94-97F6368EEACB}"
EndProject
Project("{FAE04EC0-301F-11D3-BF4B-00C04F79EFBC}") = "8-Condicionais2", "8-Condicionais2\8-Condicionais2.csproj", "{5A2AFEA1-CD85-4562-A410-09E6CC0558F5}"
EndProject
Project("{FAE04EC0-301F-11D3-BF4B-00C04F79EFBC}") = "9-Escopo", "9- Escopo\9-Escopo.csproj", "{B71CDD31-96E8-4C71-A589-DFB8EC7ECDF9}"
EndProject
Project("{FAE04EC0-301F-11D3-BF4B-00C04F79EFBC}") = "9.1-TestaCondicional2", "9.1-TestaCondicional2\9.1-TestaCondicional2.csproj", "{9CEFB92D-B07C-4FB2-96AD-63F09FC6E851}"
EndProject
Project("{FAE04EC0-301F-11D3-BF4B-00C04F79EFBC}") = "9.2-TesteEscopo", "9.2-TesteEscopo\9.2-TesteEscopo.csproj", "{6BA744F6-383C-4CC0-916B-28CA786337A4}"
EndProject
Project("{FAE04EC0-301F-11D3-BF4B-00C04F79EFBC}") = "9.3-TesteEscopo", "9.3-TesteEscopo\9.3-TesteEscopo.csproj", "{A186B905-DD1E-41D7-B742-D536862D4D5D}"
EndProject
Project("{FAE04EC0-301F-11D3-BF4B-00C04F79EFBC}") = "P10-CalculaPoupanca", "P10-CalculaPoupanca\P10-CalculaPoupanca.csproj", "{B3C69C8C-EF41-4F52-ABA6-ACA93797415C}"
EndProject
Global
	GlobalSection(SolutionConfigurationPlatforms) = preSolution
		Debug|Any CPU = Debug|Any CPU
		Release|Any CPU = Release|Any CPU
	EndGlobalSection
	GlobalSection(ProjectConfigurationPlatforms) = postSolution
		{615A3A62-A31B-4463-9F7C-E027941A5043}.Debug|Any CPU.ActiveCfg = Debug|Any CPU
		{615A3A62-A31B-4463-9F7C-E027941A5043}.Debug|Any CPU.Build.0 = Debug|Any CPU
		{615A3A62-A31B-4463-9F7C-E027941A5043}.Release|Any CPU.ActiveCfg = Release|Any CPU
		{615A3A62-A31B-4463-9F7C-E027941A5043}.Release|Any CPU.Build.0 = Release|Any CPU
		{4AD2D1AE-4553-445C-A011-436CCB6F1354}.Debug|Any CPU.ActiveCfg = Debug|Any CPU
		{4AD2D1AE-4553-445C-A011-436CCB6F1354}.Debug|Any CPU.Build.0 = Debug|Any CPU
		{4AD2D1AE-4553-445C-A011-436CCB6F1354}.Release|Any CPU.ActiveCfg = Release|Any CPU
		{4AD2D1AE-4553-445C-A011-436CCB6F1354}.Release|Any CPU.Build.0 = Release|Any CPU
		{627572A6-FD0E-4BA2-BE94-41723045E6D6}.Debug|Any CPU.ActiveCfg = Debug|Any CPU
		{627572A6-FD0E-4BA2-BE94-41723045E6D6}.Debug|Any CPU.Build.0 = Debug|Any CPU
		{627572A6-FD0E-4BA2-BE94-41723045E6D6}.Release|Any CPU.ActiveCfg = Release|Any CPU
		{627572A6-FD0E-4BA2-BE94-41723045E6D6}.Release|Any CPU.Build.0 = Release|Any CPU
		{EF23B76D-AD50-4A11-B66D-A8B909B2427B}.Debug|Any CPU.ActiveCfg = Debug|Any CPU
		{EF23B76D-AD50-4A11-B66D-A8B909B2427B}.Debug|Any CPU.Build.0 = Debug|Any CPU
		{EF23B76D-AD50-4A11-B66D-A8B909B2427B}.Release|Any CPU.ActiveCfg = Release|Any CPU
		{EF23B76D-AD50-4A11-B66D-A8B909B2427B}.Release|Any CPU.Build.0 = Release|Any CPU
		{DA41B5C8-7F54-48ED-BC87-D4405CDBAF42}.Debug|Any CPU.ActiveCfg = Debug|Any CPU
		{DA41B5C8-7F54-48ED-BC87-D4405CDBAF42}.Debug|Any CPU.Build.0 = Debug|Any CPU
		{DA41B5C8-7F54-48ED-BC87-D4405CDBAF42}.Release|Any CPU.ActiveCfg = Release|Any CPU
		{DA41B5C8-7F54-48ED-BC87-D4405CDBAF42}.Release|Any CPU.Build.0 = Release|Any CPU
		{7309C41E-D426-4E34-AE7C-7D77E1AE5202}.Debug|Any CPU.ActiveCfg = Debug|Any CPU
		{7309C41E-D426-4E34-AE7C-7D77E1AE5202}.Debug|Any CPU.Build.0 = Debug|Any CPU
		{7309C41E-D426-4E34-AE7C-7D77E1AE5202}.Release|Any CPU.ActiveCfg = Release|Any CPU
		{7309C41E-D426-4E34-AE7C-7D77E1AE5202}.Release|Any CPU.Build.0 = Release|Any CPU
		{98F667C2-7246-4AA9-B294-FE375EDF1BAA}.Debug|Any CPU.ActiveCfg = Debug|Any CPU
		{98F667C2-7246-4AA9-B294-FE375EDF1BAA}.Debug|Any CPU.Build.0 = Debug|Any CPU
		{98F667C2-7246-4AA9-B294-FE375EDF1BAA}.Release|Any CPU.ActiveCfg = Release|Any CPU
		{98F667C2-7246-4AA9-B294-FE375EDF1BAA}.Release|Any CPU.Build.0 = Release|Any CPU
		{1C750A23-BF6D-4157-B76D-86E80E6260C1}.Debug|Any CPU.ActiveCfg = Debug|Any CPU
		{1C750A23-BF6D-4157-B76D-86E80E6260C1}.Debug|Any CPU.Build.0 = Debug|Any CPU
		{1C750A23-BF6D-4157-B76D-86E80E6260C1}.Release|Any CPU.ActiveCfg = Release|Any CPU
		{1C750A23-BF6D-4157-B76D-86E80E6260C1}.Release|Any CPU.Build.0 = Release|Any CPU
		{58F5A7B0-F820-465F-B7FE-C530B15CB924}.Debug|Any CPU.ActiveCfg = Debug|Any CPU
		{58F5A7B0-F820-465F-B7FE-C530B15CB924}.Debug|Any CPU.Build.0 = Debug|Any CPU
		{58F5A7B0-F820-465F-B7FE-C530B15CB924}.Release|Any CPU.ActiveCfg = Release|Any CPU
		{58F5A7B0-F820-465F-B7FE-C530B15CB924}.Release|Any CPU.Build.0 = Release|Any CPU
		{276FE8FD-8328-47BB-827F-C0B9D3A39F94}.Debug|Any CPU.ActiveCfg = Debug|Any CPU
		{276FE8FD-8328-47BB-827F-C0B9D3A39F94}.Debug|Any CPU.Build.0 = Debug|Any CPU
		{276FE8FD-8328-47BB-827F-C0B9D3A39F94}.Release|Any CPU.ActiveCfg = Release|Any CPU
		{276FE8FD-8328-47BB-827F-C0B9D3A39F94}.Release|Any CPU.Build.0 = Release|Any CPU
		{D925360D-3450-4E70-B864-490FED53CF5B}.Debug|Any CPU.ActiveCfg = Debug|Any CPU
		{D925360D-3450-4E70-B864-490FED53CF5B}.Debug|Any CPU.Build.0 = Debug|Any CPU
		{D925360D-3450-4E70-B864-490FED53CF5B}.Release|Any CPU.ActiveCfg = Release|Any CPU
		{D925360D-3450-4E70-B864-490FED53CF5B}.Release|Any CPU.Build.0 = Release|Any CPU
		{45D3643E-D358-4120-BA94-97F6368EEACB}.Debug|Any CPU.ActiveCfg = Debug|Any CPU
		{45D3643E-D358-4120-BA94-97F6368EEACB}.Debug|Any CPU.Build.0 = Debug|Any CPU
		{45D3643E-D358-4120-BA94-97F6368EEACB}.Release|Any CPU.ActiveCfg = Release|Any CPU
		{45D3643E-D358-4120-BA94-97F6368EEACB}.Release|Any CPU.Build.0 = Release|Any CPU
		{5A2AFEA1-CD85-4562-A410-09E6CC0558F5}.Debug|Any CPU.ActiveCfg = Debug|Any CPU
		{5A2AFEA1-CD85-4562-A410-09E6CC0558F5}.Debug|Any CPU.Build.0 = Debug|Any CPU
		{5A2AFEA1-CD85-4562-A410-09E6CC0558F5}.Release|Any CPU.ActiveCfg = Release|Any CPU
		{5A2AFEA1-CD85-4562-A410-09E6CC0558F5}.Release|Any CPU.Build.0 = Release|Any CPU
		{B71CDD31-96E8-4C71-A589-DFB8EC7ECDF9}.Debug|Any CPU.ActiveCfg = Debug|Any CPU
		{B71CDD31-96E8-4C71-A589-DFB8EC7ECDF9}.Debug|Any CPU.Build.0 = Debug|Any CPU
		{B71CDD31-96E8-4C71-A589-DFB8EC7ECDF9}.Release|Any CPU.ActiveCfg = Release|Any CPU
		{B71CDD31-96E8-4C71-A589-DFB8EC7ECDF9}.Release|Any CPU.Build.0 = Release|Any CPU
		{9CEFB92D-B07C-4FB2-96AD-63F09FC6E851}.Debug|Any CPU.ActiveCfg = Debug|Any CPU
		{9CEFB92D-B07C-4FB2-96AD-63F09FC6E851}.Debug|Any CPU.Build.0 = Debug|Any CPU
		{9CEFB92D-B07C-4FB2-96AD-63F09FC6E851}.Release|Any CPU.ActiveCfg = Release|Any CPU
		{9CEFB92D-B07C-4FB2-96AD-63F09FC6E851}.Release|Any CPU.Build.0 = Release|Any CPU
		{6BA744F6-383C-4CC0-916B-28CA786337A4}.Debug|Any CPU.ActiveCfg = Debug|Any CPU
		{6BA744F6-383C-4CC0-916B-28CA786337A4}.Debug|Any CPU.Build.0 = Debug|Any CPU
		{6BA744F6-383C-4CC0-916B-28CA786337A4}.Release|Any CPU.ActiveCfg = Release|Any CPU
		{6BA744F6-383C-4CC0-916B-28CA786337A4}.Release|Any CPU.Build.0 = Release|Any CPU
		{A186B905-DD1E-41D7-B742-D536862D4D5D}.Debug|Any CPU.ActiveCfg = Debug|Any CPU
		{A186B905-DD1E-41D7-B742-D536862D4D5D}.Debug|Any CPU.Build.0 = Debug|Any CPU
		{A186B905-DD1E-41D7-B742-D536862D4D5D}.Release|Any CPU.ActiveCfg = Release|Any CPU
		{A186B905-DD1E-41D7-B742-D536862D4D5D}.Release|Any CPU.Build.0 = Release|Any CPU
		{B3C69C8C-EF41-4F52-ABA6-ACA93797415C}.Debug|Any CPU.ActiveCfg = Debug|Any CPU
		{B3C69C8C-EF41-4F52-ABA6-ACA93797415C}.Debug|Any CPU.Build.0 = Debug|Any CPU
		{B3C69C8C-EF41-4F52-ABA6-ACA93797415C}.Release|Any CPU.ActiveCfg = Release|Any CPU
		{B3C69C8C-EF41-4F52-ABA6-ACA93797415C}.Release|Any CPU.Build.0 = Release|Any CPU
	EndGlobalSection
	GlobalSection(SolutionProperties) = preSolution
		HideSolutionNode = FALSE
	EndGlobalSection
	GlobalSection(ExtensibilityGlobals) = postSolution
		SolutionGuid = {7EC252F3-929C-41DE-9642-CF50856BE36A}
	EndGlobalSection
EndGlobal
