
Microsoft Visual Studio Solution File, Format Version 12.00
# Visual Studio Version 17
VisualStudioVersion = 17.1.32210.238
MinimumVisualStudioVersion = 10.0.40219.1
Project("{FAE04EC0-301F-11D3-BF4B-00C04F79EFBC}") = "6-AtribuicoesDeVariaveis", "..\..\05.Controle de fluxo com IF\6-AtribuicoesDeVariaveis\6-AtribuicoesDeVariaveis.csproj", "{89DDA4CC-5A87-4037-9CB2-79A91A536868}"
EndProject
Project("{FAE04EC0-301F-11D3-BF4B-00C04F79EFBC}") = "7-Condicionais", "..\..\05.Controle de fluxo com IF\7-Condicionais\7-Condicionais.csproj", "{1C7F1701-4374-4D15-94BD-B6797028786B}"
EndProject
Project("{FAE04EC0-301F-11D3-BF4B-00C04F79EFBC}") = "8-Condicionais2", "..\..\05.Controle de fluxo com IF\8-Condicionais2\8-Condicionais2.csproj", "{35F08469-573F-455D-9AAD-EF487336E312}"
EndProject
Global
	GlobalSection(SolutionConfigurationPlatforms) = preSolution
		Debug|Any CPU = Debug|Any CPU
		Release|Any CPU = Release|Any CPU
	EndGlobalSection
	GlobalSection(ProjectConfigurationPlatforms) = postSolution
		{89DDA4CC-5A87-4037-9CB2-79A91A536868}.Debug|Any CPU.ActiveCfg = Debug|Any CPU
		{89DDA4CC-5A87-4037-9CB2-79A91A536868}.Debug|Any CPU.Build.0 = Debug|Any CPU
		{89DDA4CC-5A87-4037-9CB2-79A91A536868}.Release|Any CPU.ActiveCfg = Release|Any CPU
		{89DDA4CC-5A87-4037-9CB2-79A91A536868}.Release|Any CPU.Build.0 = Release|Any CPU
		{1C7F1701-4374-4D15-94BD-B6797028786B}.Debug|Any CPU.ActiveCfg = Debug|Any CPU
		{1C7F1701-4374-4D15-94BD-B6797028786B}.Debug|Any CPU.Build.0 = Debug|Any CPU
		{1C7F1701-4374-4D15-94BD-B6797028786B}.Release|Any CPU.ActiveCfg = Release|Any CPU
		{1C7F1701-4374-4D15-94BD-B6797028786B}.Release|Any CPU.Build.0 = Release|Any CPU
		{35F08469-573F-455D-9AAD-EF487336E312}.Debug|Any CPU.ActiveCfg = Debug|Any CPU
		{35F08469-573F-455D-9AAD-EF487336E312}.Debug|Any CPU.Build.0 = Debug|Any CPU
		{35F08469-573F-455D-9AAD-EF487336E312}.Release|Any CPU.ActiveCfg = Release|Any CPU
		{35F08469-573F-455D-9AAD-EF487336E312}.Release|Any CPU.Build.0 = Release|Any CPU
	EndGlobalSection
	GlobalSection(SolutionProperties) = preSolution
		HideSolutionNode = FALSE
	EndGlobalSection
	GlobalSection(ExtensibilityGlobals) = postSolution
		SolutionGuid = {E8DC5593-726C-4CF7-9C0F-D0E9305FA18A}
	EndGlobalSection
EndGlobal
