
Microsoft Visual Studio Solution File, Format Version 12.00
# Visual Studio Version 17
VisualStudioVersion = 17.0.32112.339
MinimumVisualStudioVersion = 10.0.40219.1
Project("{9A19103F-16F7-4668-BE54-9A1E7A4F7556}") = "CasaDoCodigo", "CasaDoCodigo.csproj", "{BA3D5818-03CF-41DA-B374-77E37EC3943B}"
EndProject
Global
	GlobalSection(SolutionConfigurationPlatforms) = preSolution
		Debug|Any CPU = Debug|Any CPU
		Release|Any CPU = Release|Any CPU
	EndGlobalSection
	GlobalSection(ProjectConfigurationPlatforms) = postSolution
		{BA3D5818-03CF-41DA-B374-77E37EC3943B}.Debug|Any CPU.ActiveCfg = Debug|Any CPU
		{BA3D5818-03CF-41DA-B374-77E37EC3943B}.Debug|Any CPU.Build.0 = Debug|Any CPU
		{BA3D5818-03CF-41DA-B374-77E37EC3943B}.Release|Any CPU.ActiveCfg = Release|Any CPU
		{BA3D5818-03CF-41DA-B374-77E37EC3943B}.Release|Any CPU.Build.0 = Release|Any CPU
	EndGlobalSection
	GlobalSection(SolutionProperties) = preSolution
		HideSolutionNode = FALSE
	EndGlobalSection
	GlobalSection(ExtensibilityGlobals) = postSolution
		SolutionGuid = {50E62168-5BAF-441A-B6F7-B58E7B8DB142}
	EndGlobalSection
EndGlobal
